Microsoft Visual Studio Solution File, Format Version 12.00
# Visual Studio 2012
Project("{FAE04EC0-301F-11D3-BF4B-00C04F79EFBC}") = "Betauer", "Betauer.csproj", "{F54B0D80-6608-405D-96D9-852BC80FA92E}"
EndProject
Project("{FAE04EC0-301F-11D3-BF4B-00C04F79EFBC}") = "Betauer.TestRunner", "Betauer.TestRunner\Betauer.TestRunner.csproj", "{D4AF6D1E-F888-4E90-9CBB-78C086F4F1C4}"
EndProject
Project("{FAE04EC0-301F-11D3-BF4B-00C04F79EFBC}") = "Betauer.GameTools", "Betauer.GameTools\Betauer.GameTools.csproj", "{9A1E792A-6555-4E7A-B3CA-5F7842ED4C97}"
EndProject
Project("{FAE04EC0-301F-11D3-BF4B-00C04F79EFBC}") = "Betauer.DI", "Betauer.DI\Betauer.DI.csproj", "{8A2BDA10-7F1E-401F-BD36-5868FDC59D69}"
EndProject
Project("{FAE04EC0-301F-11D3-BF4B-00C04F79EFBC}") = "Betauer.Core", "Betauer.Core\Betauer.Core.csproj", "{D7BA25F4-2EA9-4650-8ABC-D9D58886EBD8}"
EndProject
Project("{FAE04EC0-301F-11D3-BF4B-00C04F79EFBC}") = "Betauer.Bus", "Betauer.Bus\Betauer.Bus.csproj", "{8109BD79-50E8-47CB-9D06-ED49A1E5BF66}"
EndProject
Project("{FAE04EC0-301F-11D3-BF4B-00C04F79EFBC}") = "Betauer.Bus.Tests", "Betauer.Bus.Tests\Betauer.Bus.Tests.csproj", "{3DCC95BA-06F8-409B-9504-FDFB9054C7BA}"
EndProject
Project("{FAE04EC0-301F-11D3-BF4B-00C04F79EFBC}") = "Betauer.Animation", "Betauer.Animation\Betauer.Animation.csproj", "{198CF660-6DC8-4540-8217-CF008482368E}"
EndProject
Project("{FAE04EC0-301F-11D3-BF4B-00C04F79EFBC}") = "Betauer.StateMachine", "Betauer.StateMachine\Betauer.StateMachine.csproj", "{6A539F22-EDEE-4F3F-954E-64D92B9BDE08}"
EndProject
Project("{FAE04EC0-301F-11D3-BF4B-00C04F79EFBC}") = "Betauer.Animation.Tests", "Betauer.Animation.Tests\Betauer.Animation.Tests.csproj", "{B8DE355A-FEC3-41D5-937F-62641C5E0C63}"
EndProject
Project("{FAE04EC0-301F-11D3-BF4B-00C04F79EFBC}") = "Betauer.Core.Tests", "Betauer.Core.Tests\Betauer.Core.Tests.csproj", "{4172C392-C319-4CBD-B5DC-04AC927499D1}"
EndProject
Project("{FAE04EC0-301F-11D3-BF4B-00C04F79EFBC}") = "Betauer.DI.Tests", "Betauer.DI.Tests\Betauer.DI.Tests.csproj", "{D63D8E1E-F03E-40B7-96F9-A7BAA276EFB1}"
EndProject
Project("{FAE04EC0-301F-11D3-BF4B-00C04F79EFBC}") = "Betauer.GameTools.Tests", "Betauer.GameTools.Tests\Betauer.GameTools.Tests.csproj", "{E9A2D5DF-8914-4723-8457-3DDCCCEDDD81}"
EndProject
Project("{FAE04EC0-301F-11D3-BF4B-00C04F79EFBC}") = "Betauer.StateMachine.Tests", "Betauer.StateMachine.Tests\Betauer.StateMachine.Tests.csproj", "{F9BA1081-D0DB-44D1-BBB3-3E287A555A7A}"
EndProject
Global
	GlobalSection(SolutionConfigurationPlatforms) = preSolution
	Debug|Any CPU = Debug|Any CPU
	ExportDebug|Any CPU = ExportDebug|Any CPU
	ExportRelease|Any CPU = ExportRelease|Any CPU
	EndGlobalSection
	GlobalSection(ProjectConfigurationPlatforms) = postSolution
		{F54B0D80-6608-405D-96D9-852BC80FA92E}.Debug|Any CPU.ActiveCfg = Debug|Any CPU
		{F54B0D80-6608-405D-96D9-852BC80FA92E}.Debug|Any CPU.Build.0 = Debug|Any CPU
		{F54B0D80-6608-405D-96D9-852BC80FA92E}.ExportDebug|Any CPU.ActiveCfg = ExportDebug|Any CPU
		{F54B0D80-6608-405D-96D9-852BC80FA92E}.ExportDebug|Any CPU.Build.0 = ExportDebug|Any CPU
		{F54B0D80-6608-405D-96D9-852BC80FA92E}.ExportRelease|Any CPU.ActiveCfg = ExportRelease|Any CPU
		{F54B0D80-6608-405D-96D9-852BC80FA92E}.ExportRelease|Any CPU.Build.0 = ExportRelease|Any CPU
		{D4AF6D1E-F888-4E90-9CBB-78C086F4F1C4}.Debug|Any CPU.ActiveCfg = Debug|Any CPU
		{D4AF6D1E-F888-4E90-9CBB-78C086F4F1C4}.Debug|Any CPU.Build.0 = Debug|Any CPU
		{D4AF6D1E-F888-4E90-9CBB-78C086F4F1C4}.ExportDebug|Any CPU.ActiveCfg = Debug|Any CPU
		{D4AF6D1E-F888-4E90-9CBB-78C086F4F1C4}.ExportDebug|Any CPU.Build.0 = Debug|Any CPU
		{D4AF6D1E-F888-4E90-9CBB-78C086F4F1C4}.ExportRelease|Any CPU.ActiveCfg = Debug|Any CPU
		{D4AF6D1E-F888-4E90-9CBB-78C086F4F1C4}.ExportRelease|Any CPU.Build.0 = Debug|Any CPU
		{9A1E792A-6555-4E7A-B3CA-5F7842ED4C97}.Debug|Any CPU.ActiveCfg = Debug|Any CPU
		{9A1E792A-6555-4E7A-B3CA-5F7842ED4C97}.Debug|Any CPU.Build.0 = Debug|Any CPU
		{9A1E792A-6555-4E7A-B3CA-5F7842ED4C97}.ExportDebug|Any CPU.ActiveCfg = Debug|Any CPU
		{9A1E792A-6555-4E7A-B3CA-5F7842ED4C97}.ExportDebug|Any CPU.Build.0 = Debug|Any CPU
		{9A1E792A-6555-4E7A-B3CA-5F7842ED4C97}.ExportRelease|Any CPU.ActiveCfg = Debug|Any CPU
		{9A1E792A-6555-4E7A-B3CA-5F7842ED4C97}.ExportRelease|Any CPU.Build.0 = Debug|Any CPU
		{8A2BDA10-7F1E-401F-BD36-5868FDC59D69}.Debug|Any CPU.ActiveCfg = Debug|Any CPU
		{8A2BDA10-7F1E-401F-BD36-5868FDC59D69}.Debug|Any CPU.Build.0 = Debug|Any CPU
		{8A2BDA10-7F1E-401F-BD36-5868FDC59D69}.ExportDebug|Any CPU.ActiveCfg = Debug|Any CPU
		{8A2BDA10-7F1E-401F-BD36-5868FDC59D69}.ExportDebug|Any CPU.Build.0 = Debug|Any CPU
		{8A2BDA10-7F1E-401F-BD36-5868FDC59D69}.ExportRelease|Any CPU.ActiveCfg = Debug|Any CPU
		{8A2BDA10-7F1E-401F-BD36-5868FDC59D69}.ExportRelease|Any CPU.Build.0 = Debug|Any CPU
		{D7BA25F4-2EA9-4650-8ABC-D9D58886EBD8}.Debug|Any CPU.ActiveCfg = Debug|Any CPU
		{D7BA25F4-2EA9-4650-8ABC-D9D58886EBD8}.Debug|Any CPU.Build.0 = Debug|Any CPU
		{D7BA25F4-2EA9-4650-8ABC-D9D58886EBD8}.ExportDebug|Any CPU.ActiveCfg = Debug|Any CPU
		{D7BA25F4-2EA9-4650-8ABC-D9D58886EBD8}.ExportDebug|Any CPU.Build.0 = Debug|Any CPU
		{D7BA25F4-2EA9-4650-8ABC-D9D58886EBD8}.ExportRelease|Any CPU.ActiveCfg = Debug|Any CPU
		{D7BA25F4-2EA9-4650-8ABC-D9D58886EBD8}.ExportRelease|Any CPU.Build.0 = Debug|Any CPU
		{198CF660-6DC8-4540-8217-CF008482368E}.Debug|Any CPU.ActiveCfg = Debug|Any CPU
		{198CF660-6DC8-4540-8217-CF008482368E}.Debug|Any CPU.Build.0 = Debug|Any CPU
		{198CF660-6DC8-4540-8217-CF008482368E}.ExportDebug|Any CPU.ActiveCfg = Debug|Any CPU
		{198CF660-6DC8-4540-8217-CF008482368E}.ExportDebug|Any CPU.Build.0 = Debug|Any CPU
		{198CF660-6DC8-4540-8217-CF008482368E}.ExportRelease|Any CPU.ActiveCfg = Debug|Any CPU
		{198CF660-6DC8-4540-8217-CF008482368E}.ExportRelease|Any CPU.Build.0 = Debug|Any CPU
		{6A539F22-EDEE-4F3F-954E-64D92B9BDE08}.Debug|Any CPU.ActiveCfg = Debug|Any CPU
		{6A539F22-EDEE-4F3F-954E-64D92B9BDE08}.Debug|Any CPU.Build.0 = Debug|Any CPU
		{6A539F22-EDEE-4F3F-954E-64D92B9BDE08}.ExportDebug|Any CPU.ActiveCfg = Debug|Any CPU
		{6A539F22-EDEE-4F3F-954E-64D92B9BDE08}.ExportDebug|Any CPU.Build.0 = Debug|Any CPU
		{6A539F22-EDEE-4F3F-954E-64D92B9BDE08}.ExportRelease|Any CPU.ActiveCfg = Debug|Any CPU
		{6A539F22-EDEE-4F3F-954E-64D92B9BDE08}.ExportRelease|Any CPU.Build.0 = Debug|Any CPU
		{B8DE355A-FEC3-41D5-937F-62641C5E0C63}.Debug|Any CPU.ActiveCfg = Debug|Any CPU
		{B8DE355A-FEC3-41D5-937F-62641C5E0C63}.Debug|Any CPU.Build.0 = Debug|Any CPU
		{B8DE355A-FEC3-41D5-937F-62641C5E0C63}.ExportDebug|Any CPU.ActiveCfg = Debug|Any CPU
		{B8DE355A-FEC3-41D5-937F-62641C5E0C63}.ExportDebug|Any CPU.Build.0 = Debug|Any CPU
		{B8DE355A-FEC3-41D5-937F-62641C5E0C63}.ExportRelease|Any CPU.ActiveCfg = Debug|Any CPU
		{B8DE355A-FEC3-41D5-937F-62641C5E0C63}.ExportRelease|Any CPU.Build.0 = Debug|Any CPU
		{4172C392-C319-4CBD-B5DC-04AC927499D1}.Debug|Any CPU.ActiveCfg = Debug|Any CPU
		{4172C392-C319-4CBD-B5DC-04AC927499D1}.Debug|Any CPU.Build.0 = Debug|Any CPU
		{4172C392-C319-4CBD-B5DC-04AC927499D1}.ExportDebug|Any CPU.ActiveCfg = Debug|Any CPU
		{4172C392-C319-4CBD-B5DC-04AC927499D1}.ExportDebug|Any CPU.Build.0 = Debug|Any CPU
		{4172C392-C319-4CBD-B5DC-04AC927499D1}.ExportRelease|Any CPU.ActiveCfg = Debug|Any CPU
		{4172C392-C319-4CBD-B5DC-04AC927499D1}.ExportRelease|Any CPU.Build.0 = Debug|Any CPU
		{D63D8E1E-F03E-40B7-96F9-A7BAA276EFB1}.Debug|Any CPU.ActiveCfg = Debug|Any CPU
		{D63D8E1E-F03E-40B7-96F9-A7BAA276EFB1}.Debug|Any CPU.Build.0 = Debug|Any CPU
		{D63D8E1E-F03E-40B7-96F9-A7BAA276EFB1}.ExportDebug|Any CPU.ActiveCfg = Debug|Any CPU
		{D63D8E1E-F03E-40B7-96F9-A7BAA276EFB1}.ExportDebug|Any CPU.Build.0 = Debug|Any CPU
		{D63D8E1E-F03E-40B7-96F9-A7BAA276EFB1}.ExportRelease|Any CPU.ActiveCfg = Debug|Any CPU
		{D63D8E1E-F03E-40B7-96F9-A7BAA276EFB1}.ExportRelease|Any CPU.Build.0 = Debug|Any CPU
		{E9A2D5DF-8914-4723-8457-3DDCCCEDDD81}.Debug|Any CPU.ActiveCfg = Debug|Any CPU
		{E9A2D5DF-8914-4723-8457-3DDCCCEDDD81}.Debug|Any CPU.Build.0 = Debug|Any CPU
		{E9A2D5DF-8914-4723-8457-3DDCCCEDDD81}.ExportDebug|Any CPU.ActiveCfg = Debug|Any CPU
		{E9A2D5DF-8914-4723-8457-3DDCCCEDDD81}.ExportDebug|Any CPU.Build.0 = Debug|Any CPU
		{E9A2D5DF-8914-4723-8457-3DDCCCEDDD81}.ExportRelease|Any CPU.ActiveCfg = Debug|Any CPU
		{E9A2D5DF-8914-4723-8457-3DDCCCEDDD81}.ExportRelease|Any CPU.Build.0 = Debug|Any CPU
		{F9BA1081-D0DB-44D1-BBB3-3E287A555A7A}.Debug|Any CPU.ActiveCfg = Debug|Any CPU
		{F9BA1081-D0DB-44D1-BBB3-3E287A555A7A}.Debug|Any CPU.Build.0 = Debug|Any CPU
		{F9BA1081-D0DB-44D1-BBB3-3E287A555A7A}.ExportDebug|Any CPU.ActiveCfg = Debug|Any CPU
		{F9BA1081-D0DB-44D1-BBB3-3E287A555A7A}.ExportDebug|Any CPU.Build.0 = Debug|Any CPU
		{F9BA1081-D0DB-44D1-BBB3-3E287A555A7A}.ExportRelease|Any CPU.ActiveCfg = Debug|Any CPU
		{F9BA1081-D0DB-44D1-BBB3-3E287A555A7A}.ExportRelease|Any CPU.Build.0 = Debug|Any CPU
		{8109BD79-50E8-47CB-9D06-ED49A1E5BF66}.Debug|Any CPU.ActiveCfg = Debug|Any CPU
		{8109BD79-50E8-47CB-9D06-ED49A1E5BF66}.Debug|Any CPU.Build.0 = Debug|Any CPU
		{8109BD79-50E8-47CB-9D06-ED49A1E5BF66}.ExportDebug|Any CPU.ActiveCfg = Debug|Any CPU
		{8109BD79-50E8-47CB-9D06-ED49A1E5BF66}.ExportDebug|Any CPU.Build.0 = Debug|Any CPU
		{8109BD79-50E8-47CB-9D06-ED49A1E5BF66}.ExportRelease|Any CPU.ActiveCfg = Debug|Any CPU
		{8109BD79-50E8-47CB-9D06-ED49A1E5BF66}.ExportRelease|Any CPU.Build.0 = Debug|Any CPU
		{3DCC95BA-06F8-409B-9504-FDFB9054C7BA}.Debug|Any CPU.ActiveCfg = Debug|Any CPU
		{3DCC95BA-06F8-409B-9504-FDFB9054C7BA}.Debug|Any CPU.Build.0 = Debug|Any CPU
		{3DCC95BA-06F8-409B-9504-FDFB9054C7BA}.ExportDebug|Any CPU.ActiveCfg = Debug|Any CPU
		{3DCC95BA-06F8-409B-9504-FDFB9054C7BA}.ExportDebug|Any CPU.Build.0 = Debug|Any CPU
		{3DCC95BA-06F8-409B-9504-FDFB9054C7BA}.ExportRelease|Any CPU.ActiveCfg = Debug|Any CPU
		{3DCC95BA-06F8-409B-9504-FDFB9054C7BA}.ExportRelease|Any CPU.Build.0 = Debug|Any CPU
		{ECCF6043-2839-4C42-B970-9568D5009787}.Debug|Any CPU.ActiveCfg = Debug|Any CPU
		{ECCF6043-2839-4C42-B970-9568D5009787}.Debug|Any CPU.Build.0 = Debug|Any CPU
		{ECCF6043-2839-4C42-B970-9568D5009787}.ExportDebug|Any CPU.ActiveCfg = Debug|Any CPU
		{ECCF6043-2839-4C42-B970-9568D5009787}.ExportDebug|Any CPU.Build.0 = Debug|Any CPU
		{ECCF6043-2839-4C42-B970-9568D5009787}.ExportRelease|Any CPU.ActiveCfg = Debug|Any CPU
		{ECCF6043-2839-4C42-B970-9568D5009787}.ExportRelease|Any CPU.Build.0 = Debug|Any CPU
		{C09AA7B8-26DE-43D0-B646-277692FC4A8F}.Debug|Any CPU.ActiveCfg = Debug|Any CPU
		{C09AA7B8-26DE-43D0-B646-277692FC4A8F}.Debug|Any CPU.Build.0 = Debug|Any CPU
		{C09AA7B8-26DE-43D0-B646-277692FC4A8F}.ExportDebug|Any CPU.ActiveCfg = Debug|Any CPU
		{C09AA7B8-26DE-43D0-B646-277692FC4A8F}.ExportDebug|Any CPU.Build.0 = Debug|Any CPU
		{C09AA7B8-26DE-43D0-B646-277692FC4A8F}.ExportRelease|Any CPU.ActiveCfg = Debug|Any CPU
		{C09AA7B8-26DE-43D0-B646-277692FC4A8F}.ExportRelease|Any CPU.Build.0 = Debug|Any CPU
	EndGlobalSection
EndGlobal
