Microsoft Visual Studio Solution File, Format Version 12.00
# Visual Studio 2012
Project("{FAE04EC0-301F-11D3-BF4B-00C04F79EFBC}") = "Betauer", "Betauer.csproj", "{F54B0D80-6608-405D-96D9-852BC80FA92E}"
EndProject
Project("{FAE04EC0-301F-11D3-BF4B-00C04F79EFBC}") = "Betauer.GameTools", "Betauer\Betauer.GameTools\Betauer.GameTools.csproj", "{9A1E792A-6555-4E7A-B3CA-5F7842ED4C97}"
EndProject
Project("{FAE04EC0-301F-11D3-BF4B-00C04F79EFBC}") = "Betauer.DI", "Betauer\Betauer.DI\Betauer.DI.csproj", "{8A2BDA10-7F1E-401F-BD36-5868FDC59D69}"
EndProject
Project("{FAE04EC0-301F-11D3-BF4B-00C04F79EFBC}") = "Betauer.Core", "Betauer\Betauer.Core\Betauer.Core.csproj", "{D7BA25F4-2EA9-4650-8ABC-D9D58886EBD8}"
EndProject
Project("{FAE04EC0-301F-11D3-BF4B-00C04F79EFBC}") = "Betauer.Animation", "Betauer\Betauer.Animation\Betauer.Animation.csproj", "{198CF660-6DC8-4540-8217-CF008482368E}"
EndProject
Project("{FAE04EC0-301F-11D3-BF4B-00C04F79EFBC}") = "Betauer.StateMachine", "Betauer\Betauer.StateMachine\Betauer.StateMachine.csproj", "{6A539F22-EDEE-4F3F-954E-64D92B9BDE08}"
EndProject
Project("{FAE04EC0-301F-11D3-BF4B-00C04F79EFBC}") = "Betauer.GodotAction", "Betauer\Betauer.GodotAction\Betauer.GodotAction.csproj", "{D04F65DB-E1AA-4454-B609-1B88BCE966F3}"
EndProject
Global
	GlobalSection(SolutionConfigurationPlatforms) = preSolution
	Debug|Any CPU = Debug|Any CPU
	ExportDebug|Any CPU = ExportDebug|Any CPU
	ExportRelease|Any CPU = ExportRelease|Any CPU
	EndGlobalSection
	GlobalSection(ProjectConfigurationPlatforms) = postSolution
		{F54B0D80-6608-405D-96D9-852BC80FA92E}.Debug|Any CPU.ActiveCfg = Debug|Any CPU
		{F54B0D80-6608-405D-96D9-852BC80FA92E}.Debug|Any CPU.Build.0 = Debug|Any CPU
		{F54B0D80-6608-405D-96D9-852BC80FA92E}.ExportDebug|Any CPU.ActiveCfg = ExportDebug|Any CPU
		{F54B0D80-6608-405D-96D9-852BC80FA92E}.ExportDebug|Any CPU.Build.0 = ExportDebug|Any CPU
		{F54B0D80-6608-405D-96D9-852BC80FA92E}.ExportRelease|Any CPU.ActiveCfg = ExportRelease|Any CPU
		{F54B0D80-6608-405D-96D9-852BC80FA92E}.ExportRelease|Any CPU.Build.0 = ExportRelease|Any CPU
		{9A1E792A-6555-4E7A-B3CA-5F7842ED4C97}.Debug|Any CPU.ActiveCfg = Debug|Any CPU
		{9A1E792A-6555-4E7A-B3CA-5F7842ED4C97}.Debug|Any CPU.Build.0 = Debug|Any CPU
		{9A1E792A-6555-4E7A-B3CA-5F7842ED4C97}.ExportDebug|Any CPU.ActiveCfg = Debug|Any CPU
		{9A1E792A-6555-4E7A-B3CA-5F7842ED4C97}.ExportDebug|Any CPU.Build.0 = Debug|Any CPU
		{9A1E792A-6555-4E7A-B3CA-5F7842ED4C97}.ExportRelease|Any CPU.ActiveCfg = Debug|Any CPU
		{9A1E792A-6555-4E7A-B3CA-5F7842ED4C97}.ExportRelease|Any CPU.Build.0 = Debug|Any CPU
		{8A2BDA10-7F1E-401F-BD36-5868FDC59D69}.Debug|Any CPU.ActiveCfg = Debug|Any CPU
		{8A2BDA10-7F1E-401F-BD36-5868FDC59D69}.Debug|Any CPU.Build.0 = Debug|Any CPU
		{8A2BDA10-7F1E-401F-BD36-5868FDC59D69}.ExportDebug|Any CPU.ActiveCfg = Debug|Any CPU
		{8A2BDA10-7F1E-401F-BD36-5868FDC59D69}.ExportDebug|Any CPU.Build.0 = Debug|Any CPU
		{8A2BDA10-7F1E-401F-BD36-5868FDC59D69}.ExportRelease|Any CPU.ActiveCfg = Debug|Any CPU
		{8A2BDA10-7F1E-401F-BD36-5868FDC59D69}.ExportRelease|Any CPU.Build.0 = Debug|Any CPU
		{D7BA25F4-2EA9-4650-8ABC-D9D58886EBD8}.Debug|Any CPU.ActiveCfg = Debug|Any CPU
		{D7BA25F4-2EA9-4650-8ABC-D9D58886EBD8}.Debug|Any CPU.Build.0 = Debug|Any CPU
		{D7BA25F4-2EA9-4650-8ABC-D9D58886EBD8}.ExportDebug|Any CPU.ActiveCfg = Debug|Any CPU
		{D7BA25F4-2EA9-4650-8ABC-D9D58886EBD8}.ExportDebug|Any CPU.Build.0 = Debug|Any CPU
		{D7BA25F4-2EA9-4650-8ABC-D9D58886EBD8}.ExportRelease|Any CPU.ActiveCfg = Debug|Any CPU
		{D7BA25F4-2EA9-4650-8ABC-D9D58886EBD8}.ExportRelease|Any CPU.Build.0 = Debug|Any CPU
		{198CF660-6DC8-4540-8217-CF008482368E}.Debug|Any CPU.ActiveCfg = Debug|Any CPU
		{198CF660-6DC8-4540-8217-CF008482368E}.Debug|Any CPU.Build.0 = Debug|Any CPU
		{198CF660-6DC8-4540-8217-CF008482368E}.ExportDebug|Any CPU.ActiveCfg = Debug|Any CPU
		{198CF660-6DC8-4540-8217-CF008482368E}.ExportDebug|Any CPU.Build.0 = Debug|Any CPU
		{198CF660-6DC8-4540-8217-CF008482368E}.ExportRelease|Any CPU.ActiveCfg = Debug|Any CPU
		{198CF660-6DC8-4540-8217-CF008482368E}.ExportRelease|Any CPU.Build.0 = Debug|Any CPU
		{6A539F22-EDEE-4F3F-954E-64D92B9BDE08}.Debug|Any CPU.ActiveCfg = Debug|Any CPU
		{6A539F22-EDEE-4F3F-954E-64D92B9BDE08}.Debug|Any CPU.Build.0 = Debug|Any CPU
		{6A539F22-EDEE-4F3F-954E-64D92B9BDE08}.ExportDebug|Any CPU.ActiveCfg = Debug|Any CPU
		{6A539F22-EDEE-4F3F-954E-64D92B9BDE08}.ExportDebug|Any CPU.Build.0 = Debug|Any CPU
		{6A539F22-EDEE-4F3F-954E-64D92B9BDE08}.ExportRelease|Any CPU.ActiveCfg = Debug|Any CPU
		{6A539F22-EDEE-4F3F-954E-64D92B9BDE08}.ExportRelease|Any CPU.Build.0 = Debug|Any CPU
		{D04F65DB-E1AA-4454-B609-1B88BCE966F3}.Debug|Any CPU.ActiveCfg = Debug|Any CPU
		{D04F65DB-E1AA-4454-B609-1B88BCE966F3}.Debug|Any CPU.Build.0 = Debug|Any CPU
		{D04F65DB-E1AA-4454-B609-1B88BCE966F3}.ExportDebug|Any CPU.ActiveCfg = Debug|Any CPU
		{D04F65DB-E1AA-4454-B609-1B88BCE966F3}.ExportDebug|Any CPU.Build.0 = Debug|Any CPU
		{D04F65DB-E1AA-4454-B609-1B88BCE966F3}.ExportRelease|Any CPU.ActiveCfg = Debug|Any CPU
		{D04F65DB-E1AA-4454-B609-1B88BCE966F3}.ExportRelease|Any CPU.Build.0 = Debug|Any CPU
	EndGlobalSection
EndGlobal
